# THIS IS AN AUTOGENERATED FILE. DO NOT EDIT THIS FILE DIRECTLY.
# yarn lockfile v1


"@types/matter-js@^0.14.4":
  version "0.14.4"
  resolved "https://registry.yarnpkg.com/@types/matter-js/-/matter-js-0.14.4.tgz#5d481b777677501da53c49a5e2b29fc65aa89f06"
  integrity sha512-OmRZgx1m2JYp3W8qfN+QwOxEPOJybrM3w+s860a3s7nJnCKoDok3Qa/DUOlURgWr3mHpTGBBmUMMpR+inPZ53A==

matter-js@^0.14.2:
  version "0.14.2"
  resolved "https://registry.yarnpkg.com/matter-js/-/matter-js-0.14.2.tgz#8169af9e06fdc356ba9e72b49624eb329839883b"
  integrity sha512-3ttVT8cJlQnGRjBa8MyVrGyvGmnmOkZ3YsyemIw+KwEEdVi70mo32FH1Eta2b3GfdDJFbMDRqyMQt4heNKBUEA==

poly-decomp@^0.3.0:
  version "0.3.0"
  resolved "https://registry.yarnpkg.com/poly-decomp/-/poly-decomp-0.3.0.tgz#aa499289bbc1a4ca2213e966587fa5bffc1ca5f5"
  integrity sha512-hWeBxGzPYiybmI4548Fca7Up/0k1qS5+79cVHI9+H33dKya5YNb9hxl0ZnDaDgvrZSuYFBhkCK/HOnqN7gefkQ==
